
Microsoft Visual Studio Solution File, Format Version 12.00
# Visual Studio Version 17
VisualStudioVersion = 17.3.32929.385
MinimumVisualStudioVersion = 10.0.40219.1
Project("{FAE04EC0-301F-11D3-BF4B-00C04F79EFBC}") = "Kaifarik", "Kaifarik.csproj", "{2C8DAF54-0FB7-4719-9C85-F44D49F60BCD}"
EndProject
Global
	GlobalSection(SolutionConfigurationPlatforms) = preSolution
		Debug|Any CPU = Debug|Any CPU
		Release|Any CPU = Release|Any CPU
	EndGlobalSection
	GlobalSection(ProjectConfigurationPlatforms) = postSolution
		{2C8DAF54-0FB7-4719-9C85-F44D49F60BCD}.Debug|Any CPU.ActiveCfg = Debug|Any CPU
		{2C8DAF54-0FB7-4719-9C85-F44D49F60BCD}.Debug|Any CPU.Build.0 = Debug|Any CPU
		{2C8DAF54-0FB7-4719-9C85-F44D49F60BCD}.Release|Any CPU.ActiveCfg = Release|Any CPU
		{2C8DAF54-0FB7-4719-9C85-F44D49F60BCD}.Release|Any CPU.Build.0 = Release|Any CPU
	EndGlobalSection
	GlobalSection(SolutionProperties) = preSolution
		HideSolutionNode = FALSE
	EndGlobalSection
	GlobalSection(ExtensibilityGlobals) = postSolution
		SolutionGuid = {519119FA-0F92-43CC-8923-C4A43701A214}
	EndGlobalSection
EndGlobal
